
Microsoft Visual Studio Solution File, Format Version 12.00
# Visual Studio Version 17
VisualStudioVersion = 17.8.34219.65
MinimumVisualStudioVersion = 10.0.40219.1
Project("{FAE04EC0-301F-11D3-BF4B-00C04F79EFBC}") = "Bibliothek.Web", "Bibliothek.Web\Bibliothek.Web.csproj", "{59E81F07-15E5-44F1-A4E3-D307715D90A4}"
EndProject
Project("{FAE04EC0-301F-11D3-BF4B-00C04F79EFBC}") = "Bibliothek.Entities", "Bibliothek.Entities\Bibliothek.Entities.csproj", "{56CC1A13-7676-4CF2-BD4E-A2C3F95B43BC}"
EndProject
Project("{FAE04EC0-301F-11D3-BF4B-00C04F79EFBC}") = "Bibliothek.Repositories", "Bibliothek.Repositories\Bibliothek.Repositories.csproj", "{0FD5CB08-2EC1-4D56-8C5D-D7E04E3BE8C2}"
EndProject
Global
	GlobalSection(SolutionConfigurationPlatforms) = preSolution
		Debug|Any CPU = Debug|Any CPU
		Release|Any CPU = Release|Any CPU
	EndGlobalSection
	GlobalSection(ProjectConfigurationPlatforms) = postSolution
		{59E81F07-15E5-44F1-A4E3-D307715D90A4}.Debug|Any CPU.ActiveCfg = Debug|Any CPU
		{59E81F07-15E5-44F1-A4E3-D307715D90A4}.Debug|Any CPU.Build.0 = Debug|Any CPU
		{59E81F07-15E5-44F1-A4E3-D307715D90A4}.Release|Any CPU.ActiveCfg = Release|Any CPU
		{59E81F07-15E5-44F1-A4E3-D307715D90A4}.Release|Any CPU.Build.0 = Release|Any CPU
		{56CC1A13-7676-4CF2-BD4E-A2C3F95B43BC}.Debug|Any CPU.ActiveCfg = Debug|Any CPU
		{56CC1A13-7676-4CF2-BD4E-A2C3F95B43BC}.Debug|Any CPU.Build.0 = Debug|Any CPU
		{56CC1A13-7676-4CF2-BD4E-A2C3F95B43BC}.Release|Any CPU.ActiveCfg = Release|Any CPU
		{56CC1A13-7676-4CF2-BD4E-A2C3F95B43BC}.Release|Any CPU.Build.0 = Release|Any CPU
		{0FD5CB08-2EC1-4D56-8C5D-D7E04E3BE8C2}.Debug|Any CPU.ActiveCfg = Debug|Any CPU
		{0FD5CB08-2EC1-4D56-8C5D-D7E04E3BE8C2}.Debug|Any CPU.Build.0 = Debug|Any CPU
		{0FD5CB08-2EC1-4D56-8C5D-D7E04E3BE8C2}.Release|Any CPU.ActiveCfg = Release|Any CPU
		{0FD5CB08-2EC1-4D56-8C5D-D7E04E3BE8C2}.Release|Any CPU.Build.0 = Release|Any CPU
	EndGlobalSection
	GlobalSection(SolutionProperties) = preSolution
		HideSolutionNode = FALSE
	EndGlobalSection
	GlobalSection(ExtensibilityGlobals) = postSolution
		SolutionGuid = {D2645B3D-3A77-46D8-BF64-266D9E6F8D10}
	EndGlobalSection
EndGlobal
